
Microsoft Visual Studio Solution File, Format Version 12.00
# Visual Studio Version 17
VisualStudioVersion = 17.1.32228.430
MinimumVisualStudioVersion = 10.0.40219.1
Project("{9A19103F-16F7-4668-BE54-9A1E7A4F7556}") = "Analyzer", "LexicalAnalyzer\Analyzer.csproj", "{CD4FBDA3-E63F-4813-BDCC-780DBA6874EB}"
EndProject
Global
	GlobalSection(SolutionConfigurationPlatforms) = preSolution
		Debug|Any CPU = Debug|Any CPU
		Release|Any CPU = Release|Any CPU
	EndGlobalSection
	GlobalSection(ProjectConfigurationPlatforms) = postSolution
		{CD4FBDA3-E63F-4813-BDCC-780DBA6874EB}.Debug|Any CPU.ActiveCfg = Debug|Any CPU
		{CD4FBDA3-E63F-4813-BDCC-780DBA6874EB}.Debug|Any CPU.Build.0 = Debug|Any CPU
		{CD4FBDA3-E63F-4813-BDCC-780DBA6874EB}.Release|Any CPU.ActiveCfg = Release|Any CPU
		{CD4FBDA3-E63F-4813-BDCC-780DBA6874EB}.Release|Any CPU.Build.0 = Release|Any CPU
	EndGlobalSection
	GlobalSection(SolutionProperties) = preSolution
		HideSolutionNode = FALSE
	EndGlobalSection
	GlobalSection(ExtensibilityGlobals) = postSolution
		SolutionGuid = {FEA0DC0C-41A9-47DF-AF80-FCBF4071B254}
	EndGlobalSection
EndGlobal
